<?xml version="1.0" encoding="utf-8"?>
<Project ToolsVersion="4.0" xmlns="http://schemas.microsoft.com/developer/msbuild/2003">
  <ItemGroup>
    <Filter Include="Source Files">
      <UniqueIdentifier>{4FC737F1-C7A5-4376-A066-2A32D752A2FF}</UniqueIdentifier>
      <Extensions>cpp;c;cc;cxx;def;odl;idl;hpj;bat;asm;asmx</Extensions>
    </Filter>
    <Filter Include="Header Files">
      <UniqueIdentifier>{93995380-89BD-4b04-88EB-625FBE52EBFB}</UniqueIdentifier>
      <Extensions>h;hh;hpp;hxx;hm;inl;inc;xsd</Extensions>
    </Filter>
    <Filter Include="Resource Files">
      <UniqueIdentifier>{67DA6AB6-F800-4c08-8B7A-83BB121AAD01}</UniqueIdentifier>
      <Extensions>rc;ico;cur;bmp;dlg;rc2;rct;bin;rgs;gif;jpg;jpeg;jpe;resx;tiff;tif;png;wav;mfcribbon-ms</Extensions>
    </Filter>
    <Filter Include="Header Files\objects">
      <UniqueIdentifier>{644d828f-7d56-440a-a72b-2328b59eebf9}</UniqueIdentifier>
    </Filter>
    <Filter Include="Source Files\objects">
      <UniqueIdentifier>{5da2ca2a-ccb3-4b5c-acbe-3fc465e14af6}</UniqueIdentifier>
    </Filter>
    <Filter Include="Header Files\utils">
      <UniqueIdentifier>{59f4fa16-82cf-46e3-8162-863e9d05d686}</UniqueIdentifier>
    </Filter>
  </ItemGroup>
  <ItemGroup>
    <ClCompile Include="extension.cpp">
      <Filter>Source Files</Filter>
    </ClCompile>
    <ClCompile Include="globals.cpp">
      <Filter>Source Files</Filter>
    </ClCompile>
    <ClCompile Include="pystack.cpp">
      <Filter>Source Files</Filter>
    </ClCompile>
    <ClCompile Include="objects\RemotePyBoolObject.cpp">
      <Filter>Source Files\objects</Filter>
    </ClCompile>
    <ClCompile Include="objects\RemotePyCodeObject.cpp">
      <Filter>Source Files\objects</Filter>
    </ClCompile>
    <ClCompile Include="objects\RemotePyComplexObject.cpp">
      <Filter>Source Files\objects</Filter>
    </ClCompile>
    <ClCompile Include="objects\RemotePyDictObject.cpp">
      <Filter>Source Files\objects</Filter>
    </ClCompile>
    <ClCompile Include="objects\RemotePyFloatObject.cpp">
      <Filter>Source Files\objects</Filter>
    </ClCompile>
    <ClCompile Include="objects\RemotePyFrameObject.cpp">
      <Filter>Source Files\objects</Filter>
    </ClCompile>
    <ClCompile Include="objects\RemotePyIntObject.cpp">
      <Filter>Source Files\objects</Filter>
    </ClCompile>
    <ClCompile Include="objects\RemotePyListObject.cpp">
      <Filter>Source Files\objects</Filter>
    </ClCompile>
    <ClCompile Include="objects\RemotePyLongObject.cpp">
      <Filter>Source Files\objects</Filter>
    </ClCompile>
    <ClCompile Include="objects\RemotePyNoneObject.cpp">
      <Filter>Source Files\objects</Filter>
    </ClCompile>
    <ClCompile Include="objects\RemotePyNotImplementedObject.cpp">
      <Filter>Source Files\objects</Filter>
    </ClCompile>
    <ClCompile Include="objects\RemotePyObject.cpp">
      <Filter>Source Files\objects</Filter>
    </ClCompile>
    <ClCompile Include="objects\RemotePyStringObject.cpp">
      <Filter>Source Files\objects</Filter>
    </ClCompile>
    <ClCompile Include="objects\RemotePyTupleObject.cpp">
      <Filter>Source Files\objects</Filter>
    </ClCompile>
    <ClCompile Include="objects\RemotePyVarObject.cpp">
      <Filter>Source Files\objects</Filter>
    </ClCompile>
    <ClCompile Include="objects\objects.cpp">
      <Filter>Source Files\objects</Filter>
    </ClCompile>
    <ClCompile Include="pch.cpp">
      <Filter>Source Files</Filter>
    </ClCompile>
    <ClCompile Include="objects\RemotePyTypeObject.cpp">
      <Filter>Source Files\objects</Filter>
    </ClCompile>
    <ClCompile Include="objects\RemotePyFunctionObject.cpp">
      <Filter>Source Files\objects</Filter>
    </ClCompile>
    <ClCompile Include="objects\RemotePyUnicodeObject.cpp">
      <Filter>Source Files\objects</Filter>
    </ClCompile>
    <ClCompile Include="objects\PyStringValue.cpp">
      <Filter>Source Files\objects</Filter>
    </ClCompile>
    <ClCompile Include="\Debuggers\inc\engextcpp.cpp">
      <Filter>Source Files</Filter>
    </ClCompile>
    <ClCompile Include="objects\RemotePyByteArrayObject.cpp">
      <Filter>Source Files\objects</Filter>
    </ClCompile>
  </ItemGroup>
  <ItemGroup>
    <ClInclude Include="extension.h">
      <Filter>Header Files</Filter>
    </ClInclude>
    <ClInclude Include="objects\RemotePyBoolObject.h">
      <Filter>Header Files\objects</Filter>
    </ClInclude>
    <ClInclude Include="objects\RemotePyCodeObject.h">
      <Filter>Header Files\objects</Filter>
    </ClInclude>
    <ClInclude Include="objects\RemotePyComplexObject.h">
      <Filter>Header Files\objects</Filter>
    </ClInclude>
    <ClInclude Include="objects\RemotePyDictObject.h">
      <Filter>Header Files\objects</Filter>
    </ClInclude>
    <ClInclude Include="objects\RemotePyFloatObject.h">
      <Filter>Header Files\objects</Filter>
    </ClInclude>
    <ClInclude Include="objects\RemotePyFrameObject.h">
      <Filter>Header Files\objects</Filter>
    </ClInclude>
    <ClInclude Include="objects\RemotePyIntObject.h">
      <Filter>Header Files\objects</Filter>
    </ClInclude>
    <ClInclude Include="objects\RemotePyListObject.h">
      <Filter>Header Files\objects</Filter>
    </ClInclude>
    <ClInclude Include="objects\RemotePyLongObject.h">
      <Filter>Header Files\objects</Filter>
    </ClInclude>
    <ClInclude Include="objects\RemotePyNoneObject.h">
      <Filter>Header Files\objects</Filter>
    </ClInclude>
    <ClInclude Include="objects\RemotePyNotImplementedObject.h">
      <Filter>Header Files\objects</Filter>
    </ClInclude>
    <ClInclude Include="objects\RemotePyObject.h">
      <Filter>Header Files\objects</Filter>
    </ClInclude>
    <ClInclude Include="objects\RemotePyStringObject.h">
      <Filter>Header Files\objects</Filter>
    </ClInclude>
    <ClInclude Include="objects\RemotePyTupleObject.h">
      <Filter>Header Files\objects</Filter>
    </ClInclude>
    <ClInclude Include="objects\RemotePyVarObject.h">
      <Filter>Header Files\objects</Filter>
    </ClInclude>
    <ClInclude Include="objects\objects.h">
      <Filter>Header Files\objects</Filter>
    </ClInclude>
    <ClInclude Include="pch.h">
      <Filter>Header Files</Filter>
    </ClInclude>
    <ClInclude Include="objects\RemotePyTypeObject.h">
      <Filter>Header Files\objects</Filter>
    </ClInclude>
    <ClInclude Include="objects\RemotePyFunctionObject.h">
      <Filter>Header Files\objects</Filter>
    </ClInclude>
    <ClInclude Include="utils\fieldAsPyObject.h">
      <Filter>Header Files\utils</Filter>
    </ClInclude>
    <ClInclude Include="utils\ScopeExit.h">
      <Filter>Header Files\utils</Filter>
    </ClInclude>
    <ClInclude Include="utils\ExtHelpers.h">
      <Filter>Header Files\utils</Filter>
    </ClInclude>
    <ClInclude Include="utils\lossless_cast.h">
      <Filter>Header Files\utils</Filter>
    </ClInclude>
    <ClInclude Include="objects\RemotePyUnicodeObject.h">
      <Filter>Header Files\objects</Filter>
    </ClInclude>
    <ClInclude Include="objects\PyStringValue.h">
      <Filter>Header Files\objects</Filter>
    </ClInclude>
    <ClInclude Include="objects\RemotePyByteArrayObject.h">
      <Filter>Header Files\objects</Filter>
    </ClInclude>
  </ItemGroup>
  <ItemGroup>
    <ResourceCompile Include=".rc">
      <Filter>Resource Files</Filter>
    </ResourceCompile>
  </ItemGroup>
  <ItemGroup>
    <None Include=".def">
      <Filter>Source Files</Filter>
    </None>
  </ItemGroup>
</Project>