<?xml version="1.0" encoding="utf-8"?>
<Project ToolsVersion="4.0" xmlns="http://schemas.microsoft.com/developer/msbuild/2003">
  <ItemGroup>
    <Filter Include="Source Files">
      <UniqueIdentifier>{4FC737F1-C7A5-4376-A066-2A32D752A2FF}</UniqueIdentifier>
      <Extensions>cpp;c;cc;cxx;def;odl;idl;hpj;bat;asm;asmx</Extensions>
    </Filter>
    <Filter Include="Header Files">
      <UniqueIdentifier>{93995380-89BD-4b04-88EB-625FBE52EBFB}</UniqueIdentifier>
      <Extensions>h;hh;hpp;hxx;hm;inl;inc;xsd</Extensions>
    </Filter>
    <Filter Include="Resource Files">
      <UniqueIdentifier>{67DA6AB6-F800-4c08-8B7A-83BB121AAD01}</UniqueIdentifier>
      <Extensions>rc;ico;cur;bmp;dlg;rc2;rct;bin;rgs;gif;jpg;jpeg;jpe;resx;tiff;tif;png;wav;mfcribbon-ms</Extensions>
    </Filter>
    <Filter Include="Header Files\objects">
      <UniqueIdentifier>{644d828f-7d56-440a-a72b-2328b59eebf9}</UniqueIdentifier>
    </Filter>
    <Filter Include="Source Files\objects">
      <UniqueIdentifier>{5da2ca2a-ccb3-4b5c-acbe-3fc465e14af6}</UniqueIdentifier>
    </Filter>
    <Filter Include="Header Files\utils">
      <UniqueIdentifier>{59f4fa16-82cf-46e3-8162-863e9d05d686}</UniqueIdentifier>
    </Filter>
  </ItemGroup>
  <ItemGroup>
    <ClCompile Include="extension.cpp">
      <Filter>Source Files</Filter>
    </ClCompile>
    <ClCompile Include="globals.cpp">
      <Filter>Source Files</Filter>
    </ClCompile>
    <ClCompile Include="pystack.cpp">
      <Filter>Source Files</Filter>
    </ClCompile>
    <ClCompile Include="objects\PyBoolObject.cpp">
      <Filter>Source Files\objects</Filter>
    </ClCompile>
    <ClCompile Include="objects\PyCodeObject.cpp">
      <Filter>Source Files\objects</Filter>
    </ClCompile>
    <ClCompile Include="objects\PyComplexObject.cpp">
      <Filter>Source Files\objects</Filter>
    </ClCompile>
    <ClCompile Include="objects\PyDictObject.cpp">
      <Filter>Source Files\objects</Filter>
    </ClCompile>
    <ClCompile Include="objects\PyFloatObject.cpp">
      <Filter>Source Files\objects</Filter>
    </ClCompile>
    <ClCompile Include="objects\PyFrameObject.cpp">
      <Filter>Source Files\objects</Filter>
    </ClCompile>
    <ClCompile Include="objects\PyIntObject.cpp">
      <Filter>Source Files\objects</Filter>
    </ClCompile>
    <ClCompile Include="objects\PyListObject.cpp">
      <Filter>Source Files\objects</Filter>
    </ClCompile>
    <ClCompile Include="objects\PyLongObject.cpp">
      <Filter>Source Files\objects</Filter>
    </ClCompile>
    <ClCompile Include="objects\PyNoneObject.cpp">
      <Filter>Source Files\objects</Filter>
    </ClCompile>
    <ClCompile Include="objects\PyNotImplementedObject.cpp">
      <Filter>Source Files\objects</Filter>
    </ClCompile>
    <ClCompile Include="objects\PyObject.cpp">
      <Filter>Source Files\objects</Filter>
    </ClCompile>
    <ClCompile Include="objects\PyStringObject.cpp">
      <Filter>Source Files\objects</Filter>
    </ClCompile>
    <ClCompile Include="objects\PyTupleObject.cpp">
      <Filter>Source Files\objects</Filter>
    </ClCompile>
    <ClCompile Include="objects\PyVarObject.cpp">
      <Filter>Source Files\objects</Filter>
    </ClCompile>
    <ClCompile Include="pch.cpp">
      <Filter>Source Files</Filter>
    </ClCompile>
    <ClCompile Include="objects\PyTypeObject.cpp">
      <Filter>Source Files\objects</Filter>
    </ClCompile>
    <ClCompile Include="objects\PyFunctionObject.cpp">
      <Filter>Source Files\objects</Filter>
    </ClCompile>
    <ClCompile Include="objects\PyUnicodeObject.cpp">
      <Filter>Source Files\objects</Filter>
    </ClCompile>
    <ClCompile Include="objects\PyStringValue.cpp">
      <Filter>Source Files\objects</Filter>
    </ClCompile>
    <ClCompile Include="objects\PyByteArrayObject.cpp">
      <Filter>Source Files\objects</Filter>
    </ClCompile>
    <ClCompile Include="objects\PyObjectMake.cpp">
      <Filter>Source Files\objects</Filter>
    </ClCompile>
    <ClCompile Include="RemoteType.cpp">
      <Filter>Source Files</Filter>
    </ClCompile>
    <ClCompile Include="PyInterpreterState.cpp">
      <Filter>Source Files</Filter>
    </ClCompile>
    <ClCompile Include="PyThreadState.cpp">
      <Filter>Source Files</Filter>
    </ClCompile>
  </ItemGroup>
  <ItemGroup>
    <ClInclude Include="extension.h">
      <Filter>Header Files</Filter>
    </ClInclude>
    <ClInclude Include="..\include\PyBoolObject.h">
      <Filter>Header Files\objects</Filter>
    </ClInclude>
    <ClInclude Include="..\include\PyCodeObject.h">
      <Filter>Header Files\objects</Filter>
    </ClInclude>
    <ClInclude Include="..\include\PyComplexObject.h">
      <Filter>Header Files\objects</Filter>
    </ClInclude>
    <ClInclude Include="..\include\PyDictObject.h">
      <Filter>Header Files\objects</Filter>
    </ClInclude>
    <ClInclude Include="..\include\PyFloatObject.h">
      <Filter>Header Files\objects</Filter>
    </ClInclude>
    <ClInclude Include="..\include\PyFrameObject.h">
      <Filter>Header Files\objects</Filter>
    </ClInclude>
    <ClInclude Include="..\include\PyIntObject.h">
      <Filter>Header Files\objects</Filter>
    </ClInclude>
    <ClInclude Include="..\include\PyListObject.h">
      <Filter>Header Files\objects</Filter>
    </ClInclude>
    <ClInclude Include="..\include\PyLongObject.h">
      <Filter>Header Files\objects</Filter>
    </ClInclude>
    <ClInclude Include="..\include\PyNoneObject.h">
      <Filter>Header Files\objects</Filter>
    </ClInclude>
    <ClInclude Include="..\include\PyNotImplementedObject.h">
      <Filter>Header Files\objects</Filter>
    </ClInclude>
    <ClInclude Include="..\include\PyObject.h">
      <Filter>Header Files\objects</Filter>
    </ClInclude>
    <ClInclude Include="..\include\PyStringObject.h">
      <Filter>Header Files\objects</Filter>
    </ClInclude>
    <ClInclude Include="..\include\PyTupleObject.h">
      <Filter>Header Files\objects</Filter>
    </ClInclude>
    <ClInclude Include="..\include\PyVarObject.h">
      <Filter>Header Files\objects</Filter>
    </ClInclude>
    <ClInclude Include="pch.h">
      <Filter>Header Files</Filter>
    </ClInclude>
    <ClInclude Include="..\include\PyFunctionObject.h">
      <Filter>Header Files\objects</Filter>
    </ClInclude>
    <ClInclude Include="fieldAsPyObject.h">
      <Filter>Header Files</Filter>
    </ClInclude>
    <ClInclude Include="..\include\utils\ScopeExit.h">
      <Filter>Header Files\utils</Filter>
    </ClInclude>
    <ClInclude Include="ExtHelpers.h">
      <Filter>Header Files</Filter>
    </ClInclude>
    <ClInclude Include="..\include\utils\lossless_cast.h">
      <Filter>Header Files\utils</Filter>
    </ClInclude>
    <ClInclude Include="..\include\PyUnicodeObject.h">
      <Filter>Header Files\objects</Filter>
    </ClInclude>
    <ClInclude Include="..\include\PyStringValue.h">
      <Filter>Header Files\objects</Filter>
    </ClInclude>
    <ClInclude Include="..\include\PyByteArrayObject.h">
      <Filter>Header Files\objects</Filter>
    </ClInclude>
    <ClInclude Include="..\include\pyextpublic.h">
      <Filter>Header Files</Filter>
    </ClInclude>
    <ClInclude Include="..\include\globals.h">
      <Filter>Header Files</Filter>
    </ClInclude>
    <ClInclude Include="..\include\PyTypeObject.h">
      <Filter>Header Files\objects</Filter>
    </ClInclude>
    <ClInclude Include="..\include\RemoteType.h">
      <Filter>Header Files</Filter>
    </ClInclude>
    <ClInclude Include="..\include\PyInterpreterState.h">
      <Filter>Header Files</Filter>
    </ClInclude>
    <ClInclude Include="..\include\PyThreadState.h">
      <Filter>Header Files</Filter>
    </ClInclude>
  </ItemGroup>
  <ItemGroup>
    <ResourceCompile Include=".rc">
      <Filter>Resource Files</Filter>
    </ResourceCompile>
  </ItemGroup>
  <ItemGroup>
    <None Include="PyExt.def">
      <Filter>Source Files</Filter>
    </None>
  </ItemGroup>
</Project>